
Microsoft Visual Studio Solution File, Format Version 11.00
# Visual Studio 2010
Project("{FAE04EC0-301F-11D3-BF4B-00C04F79EFBC}") = "fps.Gameplay", "fps.Gameplay.csproj", "{40b2c739-6029-2425-64ae-883e8216dedc}"
EndProject
Project("{FAE04EC0-301F-11D3-BF4B-00C04F79EFBC}") = "fps.UI", "fps.UI.csproj", "{20952c77-eb25-0e21-3691-8412913ef874}"
EndProject
Project("{FAE04EC0-301F-11D3-BF4B-00C04F79EFBC}") = "fps.Game", "fps.Game.csproj", "{eb634554-5ea7-be7b-0b5d-3f6bb6cf8863}"
EndProject
Project("{FAE04EC0-301F-11D3-BF4B-00C04F79EFBC}") = "Unity.FPS.Tutorials", "Unity.FPS.Tutorials.csproj", "{ac743de7-8c50-bdf9-e93e-61e9b9934387}"
EndProject
Project("{FAE04EC0-301F-11D3-BF4B-00C04F79EFBC}") = "NavMeshComponents", "NavMeshComponents.csproj", "{e7d0937e-1bd3-a3bc-6c92-5f6175827759}"
EndProject
Project("{FAE04EC0-301F-11D3-BF4B-00C04F79EFBC}") = "fps.AI", "fps.AI.csproj", "{c9f00aff-f11f-31a4-8e20-f947879a3730}"
EndProject
Project("{FAE04EC0-301F-11D3-BF4B-00C04F79EFBC}") = "NavMeshComponentsEditor", "NavMeshComponentsEditor.csproj", "{ce55b08a-ba47-ddc8-f30f-608ecd7ff22c}"
EndProject
Project("{FAE04EC0-301F-11D3-BF4B-00C04F79EFBC}") = "Unity.Microgame.Tutorials", "Unity.Microgame.Tutorials.csproj", "{2223d6f5-d50c-a788-5439-e8f43dd4f61f}"
EndProject
Project("{FAE04EC0-301F-11D3-BF4B-00C04F79EFBC}") = "fps.Editor", "fps.Editor.csproj", "{6fcf4ac3-025a-2e0a-1d5f-6926052f3e03}"
EndProject
Global
	GlobalSection(SolutionConfigurationPlatforms) = preSolution
		Debug|Any CPU = Debug|Any CPU
	EndGlobalSection
	GlobalSection(ProjectConfigurationPlatforms) = postSolution
		{40b2c739-6029-2425-64ae-883e8216dedc}.Debug|Any CPU.ActiveCfg = Debug|Any CPU
		{40b2c739-6029-2425-64ae-883e8216dedc}.Debug|Any CPU.Build.0 = Debug|Any CPU
		{20952c77-eb25-0e21-3691-8412913ef874}.Debug|Any CPU.ActiveCfg = Debug|Any CPU
		{20952c77-eb25-0e21-3691-8412913ef874}.Debug|Any CPU.Build.0 = Debug|Any CPU
		{eb634554-5ea7-be7b-0b5d-3f6bb6cf8863}.Debug|Any CPU.ActiveCfg = Debug|Any CPU
		{eb634554-5ea7-be7b-0b5d-3f6bb6cf8863}.Debug|Any CPU.Build.0 = Debug|Any CPU
		{ac743de7-8c50-bdf9-e93e-61e9b9934387}.Debug|Any CPU.ActiveCfg = Debug|Any CPU
		{ac743de7-8c50-bdf9-e93e-61e9b9934387}.Debug|Any CPU.Build.0 = Debug|Any CPU
		{e7d0937e-1bd3-a3bc-6c92-5f6175827759}.Debug|Any CPU.ActiveCfg = Debug|Any CPU
		{e7d0937e-1bd3-a3bc-6c92-5f6175827759}.Debug|Any CPU.Build.0 = Debug|Any CPU
		{c9f00aff-f11f-31a4-8e20-f947879a3730}.Debug|Any CPU.ActiveCfg = Debug|Any CPU
		{c9f00aff-f11f-31a4-8e20-f947879a3730}.Debug|Any CPU.Build.0 = Debug|Any CPU
		{ce55b08a-ba47-ddc8-f30f-608ecd7ff22c}.Debug|Any CPU.ActiveCfg = Debug|Any CPU
		{ce55b08a-ba47-ddc8-f30f-608ecd7ff22c}.Debug|Any CPU.Build.0 = Debug|Any CPU
		{2223d6f5-d50c-a788-5439-e8f43dd4f61f}.Debug|Any CPU.ActiveCfg = Debug|Any CPU
		{2223d6f5-d50c-a788-5439-e8f43dd4f61f}.Debug|Any CPU.Build.0 = Debug|Any CPU
		{6fcf4ac3-025a-2e0a-1d5f-6926052f3e03}.Debug|Any CPU.ActiveCfg = Debug|Any CPU
		{6fcf4ac3-025a-2e0a-1d5f-6926052f3e03}.Debug|Any CPU.Build.0 = Debug|Any CPU
	EndGlobalSection
	GlobalSection(SolutionProperties) = preSolution
		HideSolutionNode = FALSE
	EndGlobalSection
EndGlobal
